
Microsoft Visual Studio Solution File, Format Version 12.00
# Visual Studio Version 17
VisualStudioVersion = 17.13.35931.197 d17.13
MinimumVisualStudioVersion = 10.0.40219.1
Project("{FAE04EC0-301F-11D3-BF4B-00C04F79EFBC}") = "Lab6B_WPF", "Lab6B_WPF\Lab6B_WPF.csproj", "{CC834C7C-4781-4D93-99E8-A94AB0AF43B8}"
EndProject
Global
	GlobalSection(SolutionConfigurationPlatforms) = preSolution
		Debug|Any CPU = Debug|Any CPU
		Release|Any CPU = Release|Any CPU
	EndGlobalSection
	GlobalSection(ProjectConfigurationPlatforms) = postSolution
		{CC834C7C-4781-4D93-99E8-A94AB0AF43B8}.Debug|Any CPU.ActiveCfg = Debug|Any CPU
		{CC834C7C-4781-4D93-99E8-A94AB0AF43B8}.Debug|Any CPU.Build.0 = Debug|Any CPU
		{CC834C7C-4781-4D93-99E8-A94AB0AF43B8}.Release|Any CPU.ActiveCfg = Release|Any CPU
		{CC834C7C-4781-4D93-99E8-A94AB0AF43B8}.Release|Any CPU.Build.0 = Release|Any CPU
	EndGlobalSection
	GlobalSection(SolutionProperties) = preSolution
		HideSolutionNode = FALSE
	EndGlobalSection
	GlobalSection(ExtensibilityGlobals) = postSolution
		SolutionGuid = {ACBC8097-D7A6-4239-ADA3-77D3A7856369}
	EndGlobalSection
EndGlobal
