
Microsoft Visual Studio Solution File, Format Version 12.00
# Visual Studio Version 17
VisualStudioVersion = 17.13.35931.197 d17.13
MinimumVisualStudioVersion = 10.0.40219.1
Project("{FAE04EC0-301F-11D3-BF4B-00C04F79EFBC}") = "Lab4_TaskB", "Lab4_TaskB\Lab4_TaskB.csproj", "{35EC8757-C309-4ACA-9E7D-4B8644998611}"
EndProject
Global
	GlobalSection(SolutionConfigurationPlatforms) = preSolution
		Debug|Any CPU = Debug|Any CPU
		Release|Any CPU = Release|Any CPU
	EndGlobalSection
	GlobalSection(ProjectConfigurationPlatforms) = postSolution
		{35EC8757-C309-4ACA-9E7D-4B8644998611}.Debug|Any CPU.ActiveCfg = Debug|Any CPU
		{35EC8757-C309-4ACA-9E7D-4B8644998611}.Debug|Any CPU.Build.0 = Debug|Any CPU
		{35EC8757-C309-4ACA-9E7D-4B8644998611}.Release|Any CPU.ActiveCfg = Release|Any CPU
		{35EC8757-C309-4ACA-9E7D-4B8644998611}.Release|Any CPU.Build.0 = Release|Any CPU
	EndGlobalSection
	GlobalSection(SolutionProperties) = preSolution
		HideSolutionNode = FALSE
	EndGlobalSection
	GlobalSection(ExtensibilityGlobals) = postSolution
		SolutionGuid = {03936413-5395-4AA0-913E-7D49F3EFEA4B}
	EndGlobalSection
EndGlobal
