
Microsoft Visual Studio Solution File, Format Version 12.00
# Visual Studio Version 17
VisualStudioVersion = 17.13.35931.197 d17.13
MinimumVisualStudioVersion = 10.0.40219.1
Project("{FAE04EC0-301F-11D3-BF4B-00C04F79EFBC}") = "Lab6B", "Lab6B\Lab6B.csproj", "{55E87D62-860A-461B-829D-B1B4EE415586}"
EndProject
Global
	GlobalSection(SolutionConfigurationPlatforms) = preSolution
		Debug|Any CPU = Debug|Any CPU
		Release|Any CPU = Release|Any CPU
	EndGlobalSection
	GlobalSection(ProjectConfigurationPlatforms) = postSolution
		{55E87D62-860A-461B-829D-B1B4EE415586}.Debug|Any CPU.ActiveCfg = Debug|Any CPU
		{55E87D62-860A-461B-829D-B1B4EE415586}.Debug|Any CPU.Build.0 = Debug|Any CPU
		{55E87D62-860A-461B-829D-B1B4EE415586}.Release|Any CPU.ActiveCfg = Release|Any CPU
		{55E87D62-860A-461B-829D-B1B4EE415586}.Release|Any CPU.Build.0 = Release|Any CPU
	EndGlobalSection
	GlobalSection(SolutionProperties) = preSolution
		HideSolutionNode = FALSE
	EndGlobalSection
	GlobalSection(ExtensibilityGlobals) = postSolution
		SolutionGuid = {C181DE52-2AA9-4D63-A98E-26D38542575D}
	EndGlobalSection
EndGlobal
